using System;

class FactorialCalculator
{
    // Método para calcular el factorial de manera recursiva
    public long CalcularFactorial(int numero)
    {
        if (numero < 0)
            throw new ArgumentException("El factorial no está definido para números negativos.");

        if (numero == 0 || numero == 1)
            return 1;

        return numero * CalcularFactorial(numero - 1);
    }
}

class Program
{
    static void Main()
    {
        try
        {
            // Instancia de la clase FactorialCalculator
            FactorialCalculator calculadora = new FactorialCalculator();

            // Solicitar al usuario un número
            Console.Write("\n\tIngrese un número para calcular su factorial: ");
            int numero = int.Parse(Console.ReadLine());

            // Calcular el factorial e imprimir el resultado
            long resultado = calculadora.CalcularFactorial(numero);
            Console.WriteLine($"\n\tEl factorial de {numero} es: {resultado}");
        }
        catch (Exception ex)
        {
            Console.WriteLine($"Error: {ex.Message}");
        }
    }
}
